// !$*UTF8*$!
{
	archiveVersion = 1;
	classes = {
	};
	objectVersion = 46;
	objects = {

/* Begin PBXBuildFile section */
		CC3BE7681C3B9FE8009EDB46 /* main.m in Sources */ = {isa = PBXBuildFile; fileRef = CC3BE7671C3B9FE8009EDB46 /* main.m */; };
		CC3BE76B1C3B9FE8009EDB46 /* AppDelegate.m in Sources */ = {isa = PBXBuildFile; fileRef = CC3BE76A1C3B9FE8009EDB46 /* AppDelegate.m */; };
		CC3BE7711C3B9FE8009EDB46 /* Main.storyboard in Resources */ = {isa = PBXBuildFile; fileRef = CC3BE76F1C3B9FE8009EDB46 /* Main.storyboard */; };
		CC3BE7731C3B9FE8009EDB46 /* Assets.xcassets in Resources */ = {isa = PBXBuildFile; fileRef = CC3BE7721C3B9FE8009EDB46 /* Assets.xcassets */; };
		CC3BE7761C3B9FE8009EDB46 /* LaunchScreen.storyboard in Resources */ = {isa = PBXBuildFile; fileRef = CC3BE7741C3B9FE8009EDB46 /* LaunchScreen.storyboard */; };
		CC3BE7811C3B9FE8009EDB46 /* easyMusic2Tests.m in Sources */ = {isa = PBXBuildFile; fileRef = CC3BE7801C3B9FE8009EDB46 /* easyMusic2Tests.m */; };
		CC3BE78C1C3B9FE8009EDB46 /* easyMusic2UITests.m in Sources */ = {isa = PBXBuildFile; fileRef = CC3BE78B1C3B9FE8009EDB46 /* easyMusic2UITests.m */; };
		CC3BE7B41C3BA071009EDB46 /* DirectView.m in Sources */ = {isa = PBXBuildFile; fileRef = CC3BE79A1C3BA071009EDB46 /* DirectView.m */; };
		CC3BE7B51C3BA071009EDB46 /* EasonMusic.plist in Resources */ = {isa = PBXBuildFile; fileRef = CC3BE79B1C3BA071009EDB46 /* EasonMusic.plist */; };
		CC3BE7B61C3BA071009EDB46 /* he2.icon_00.png in Resources */ = {isa = PBXBuildFile; fileRef = CC3BE79C1C3BA071009EDB46 /* he2.icon_00.png */; };
		CC3BE7B71C3BA071009EDB46 /* he2.icon_01.png in Resources */ = {isa = PBXBuildFile; fileRef = CC3BE79D1C3BA071009EDB46 /* he2.icon_01.png */; };
		CC3BE7B81C3BA071009EDB46 /* he2.icon_02.png in Resources */ = {isa = PBXBuildFile; fileRef = CC3BE79E1C3BA071009EDB46 /* he2.icon_02.png */; };
		CC3BE7B91C3BA071009EDB46 /* he2.icon_03.png in Resources */ = {isa = PBXBuildFile; fileRef = CC3BE79F1C3BA071009EDB46 /* he2.icon_03.png */; };
		CC3BE7BA1C3BA071009EDB46 /* he2.icon_05.png in Resources */ = {isa = PBXBuildFile; fileRef = CC3BE7A01C3BA071009EDB46 /* he2.icon_05.png */; };
		CC3BE7BB1C3BA071009EDB46 /* listModel.m in Sources */ = {isa = PBXBuildFile; fileRef = CC3BE7A21C3BA071009EDB46 /* listModel.m */; };
		CC3BE7BC1C3BA071009EDB46 /* listVC.m in Sources */ = {isa = PBXBuildFile; fileRef = CC3BE7A41C3BA071009EDB46 /* listVC.m */; };
		CC3BE7BE1C3BA071009EDB46 /* parsingLRC.m in Sources */ = {isa = PBXBuildFile; fileRef = CC3BE7A71C3BA071009EDB46 /* parsingLRC.m */; };
		CC3BE7BF1C3BA071009EDB46 /* playerHandle.m in Sources */ = {isa = PBXBuildFile; fileRef = CC3BE7A91C3BA071009EDB46 /* playerHandle.m */; };
		CC3BE7C01C3BA071009EDB46 /* PlayViewController.m in Sources */ = {isa = PBXBuildFile; fileRef = CC3BE7AB1C3BA071009EDB46 /* PlayViewController.m */; };
		CC3BE7C11C3BA071009EDB46 /* PlayViewController.xib in Resources */ = {isa = PBXBuildFile; fileRef = CC3BE7AC1C3BA071009EDB46 /* PlayViewController.xib */; };
		CC3BE7C21C3BA071009EDB46 /* songlistHandle.m in Sources */ = {isa = PBXBuildFile; fileRef = CC3BE7AE1C3BA071009EDB46 /* songlistHandle.m */; };
		CC3BE7C31C3BA071009EDB46 /* songlistTableViewCell.m in Sources */ = {isa = PBXBuildFile; fileRef = CC3BE7B01C3BA071009EDB46 /* songlistTableViewCell.m */; };
		CC3BE7C41C3BA071009EDB46 /* songlistTableViewCell.xib in Resources */ = {isa = PBXBuildFile; fileRef = CC3BE7B11C3BA071009EDB46 /* songlistTableViewCell.xib */; };
		CCF580FB1C3CBF0D00099A01 /* 播放.png in Resources */ = {isa = PBXBuildFile; fileRef = CCF580E41C3CBF0D00099A01 /* 播放.png */; };
		CCF580FC1C3CBF0D00099A01 /* 播放队列.png in Resources */ = {isa = PBXBuildFile; fileRef = CCF580E51C3CBF0D00099A01 /* 播放队列.png */; };
		CCF580FD1C3CBF0D00099A01 /* 陈奕迅 - 好久不见.mp3 in Resources */ = {isa = PBXBuildFile; fileRef = CCF580E61C3CBF0D00099A01 /* 陈奕迅 - 好久不见.mp3 */; };
		CCF580FE1C3CBF0D00099A01 /* 陈奕迅 - 红玫瑰.mp3 in Resources */ = {isa = PBXBuildFile; fileRef = CCF580E71C3CBF0D00099A01 /* 陈奕迅 - 红玫瑰.mp3 */; };
		CCF580FF1C3CBF0D00099A01 /* 陈奕迅 - 十年.mp3 in Resources */ = {isa = PBXBuildFile; fileRef = CCF580E81C3CBF0D00099A01 /* 陈奕迅 - 十年.mp3 */; };
		CCF581001C3CBF0D00099A01 /* 单曲循环.png in Resources */ = {isa = PBXBuildFile; fileRef = CCF580E91C3CBF0D00099A01 /* 单曲循环.png */; };
		CCF581011C3CBF0D00099A01 /* 分享.png in Resources */ = {isa = PBXBuildFile; fileRef = CCF580EA1C3CBF0D00099A01 /* 分享.png */; };
		CCF581021C3CBF0D00099A01 /* 歌词-on.png in Resources */ = {isa = PBXBuildFile; fileRef = CCF580EB1C3CBF0D00099A01 /* 歌词-on.png */; };
		CCF581031C3CBF0D00099A01 /* 歌曲-on.png in Resources */ = {isa = PBXBuildFile; fileRef = CCF580EC1C3CBF0D00099A01 /* 歌曲-on.png */; };
		CCF581041C3CBF0D00099A01 /* 好久不见.lrc in Resources */ = {isa = PBXBuildFile; fileRef = CCF580ED1C3CBF0D00099A01 /* 好久不见.lrc */; };
		CCF581051C3CBF0D00099A01 /* 红玫瑰.lrc in Resources */ = {isa = PBXBuildFile; fileRef = CCF580EE1C3CBF0D00099A01 /* 红玫瑰.lrc */; };
		CCF581061C3CBF0D00099A01 /* 后退.png in Resources */ = {isa = PBXBuildFile; fileRef = CCF580EF1C3CBF0D00099A01 /* 后退.png */; };
		CCF581071C3CBF0D00099A01 /* 前进.png in Resources */ = {isa = PBXBuildFile; fileRef = CCF580F01C3CBF0D00099A01 /* 前进.png */; };
		CCF581081C3CBF0D00099A01 /* 十年.lrc in Resources */ = {isa = PBXBuildFile; fileRef = CCF580F11C3CBF0D00099A01 /* 十年.lrc */; };
		CCF581091C3CBF0D00099A01 /* 顺序播放.png in Resources */ = {isa = PBXBuildFile; fileRef = CCF580F21C3CBF0D00099A01 /* 顺序播放.png */; };
		CCF5810A1C3CBF0D00099A01 /* 随机播放.png in Resources */ = {isa = PBXBuildFile; fileRef = CCF580F31C3CBF0D00099A01 /* 随机播放.png */; };
		CCF5810B1C3CBF0D00099A01 /* 写真-on.png in Resources */ = {isa = PBXBuildFile; fileRef = CCF580F41C3CBF0D00099A01 /* 写真-on.png */; };
		CCF5810C1C3CBF0D00099A01 /* 音量@2x.png in Resources */ = {isa = PBXBuildFile; fileRef = CCF580F51C3CBF0D00099A01 /* 音量@2x.png */; };
		CCF5810D1C3CBF0D00099A01 /* 音效4.png in Resources */ = {isa = PBXBuildFile; fileRef = CCF580F61C3CBF0D00099A01 /* 音效4.png */; };
		CCF5810E1C3CBF0D00099A01 /* 音效4on.png in Resources */ = {isa = PBXBuildFile; fileRef = CCF580F71C3CBF0D00099A01 /* 音效4on.png */; };
		CCF5810F1C3CBF0D00099A01 /* 暂停.png in Resources */ = {isa = PBXBuildFile; fileRef = CCF580F81C3CBF0D00099A01 /* 暂停.png */; };
		CCF581101C3CBF0D00099A01 /* BG_Img.png in Resources */ = {isa = PBXBuildFile; fileRef = CCF580F91C3CBF0D00099A01 /* BG_Img.png */; };
		CCF581111C3CBF0D00099A01 /* BGlrc.jpg in Resources */ = {isa = PBXBuildFile; fileRef = CCF580FA1C3CBF0D00099A01 /* BGlrc.jpg */; };
		CCF581141C3CC0D700099A01 /* Evoice.png in Resources */ = {isa = PBXBuildFile; fileRef = CCF581131C3CC0D700099A01 /* Evoice.png */; };
		CCF581171C3CEA7A00099A01 /* NSString+timer.m in Sources */ = {isa = PBXBuildFile; fileRef = CCF581161C3CEA7A00099A01 /* NSString+timer.m */; };
/* End PBXBuildFile section */

/* Begin PBXContainerItemProxy section */
		CC3BE77D1C3B9FE8009EDB46 /* PBXContainerItemProxy */ = {
			isa = PBXContainerItemProxy;
			containerPortal = CC3BE75B1C3B9FE8009EDB46 /* Project object */;
			proxyType = 1;
			remoteGlobalIDString = CC3BE7621C3B9FE8009EDB46;
			remoteInfo = easyMusic2;
		};
		CC3BE7881C3B9FE8009EDB46 /* PBXContainerItemProxy */ = {
			isa = PBXContainerItemProxy;
			containerPortal = CC3BE75B1C3B9FE8009EDB46 /* Project object */;
			proxyType = 1;
			remoteGlobalIDString = CC3BE7621C3B9FE8009EDB46;
			remoteInfo = easyMusic2;
		};
/* End PBXContainerItemProxy section */

/* Begin PBXFileReference section */
		CC3BE7631C3B9FE8009EDB46 /* easyMusic2.app */ = {isa = PBXFileReference; explicitFileType = wrapper.application; includeInIndex = 0; path = easyMusic2.app; sourceTree = BUILT_PRODUCTS_DIR; };
		CC3BE7671C3B9FE8009EDB46 /* main.m */ = {isa = PBXFileReference; lastKnownFileType = sourcecode.c.objc; path = main.m; sourceTree = "<group>"; };
		CC3BE7691C3B9FE8009EDB46 /* AppDelegate.h */ = {isa = PBXFileReference; lastKnownFileType = sourcecode.c.h; path = AppDelegate.h; sourceTree = "<group>"; };
		CC3BE76A1C3B9FE8009EDB46 /* AppDelegate.m */ = {isa = PBXFileReference; lastKnownFileType = sourcecode.c.objc; path = AppDelegate.m; sourceTree = "<group>"; };
		CC3BE7701C3B9FE8009EDB46 /* Base */ = {isa = PBXFileReference; lastKnownFileType = file.storyboard; name = Base; path = Base.lproj/Main.storyboard; sourceTree = "<group>"; };
		CC3BE7721C3B9FE8009EDB46 /* Assets.xcassets */ = {isa = PBXFileReference; lastKnownFileType = folder.assetcatalog; path = Assets.xcassets; sourceTree = "<group>"; };
		CC3BE7751C3B9FE8009EDB46 /* Base */ = {isa = PBXFileReference; lastKnownFileType = file.storyboard; name = Base; path = Base.lproj/LaunchScreen.storyboard; sourceTree = "<group>"; };
		CC3BE7771C3B9FE8009EDB46 /* Info.plist */ = {isa = PBXFileReference; lastKnownFileType = text.plist.xml; path = Info.plist; sourceTree = "<group>"; };
		CC3BE77C1C3B9FE8009EDB46 /* easyMusic2Tests.xctest */ = {isa = PBXFileReference; explicitFileType = wrapper.cfbundle; includeInIndex = 0; path = easyMusic2Tests.xctest; sourceTree = BUILT_PRODUCTS_DIR; };
		CC3BE7801C3B9FE8009EDB46 /* easyMusic2Tests.m */ = {isa = PBXFileReference; lastKnownFileType = sourcecode.c.objc; path = easyMusic2Tests.m; sourceTree = "<group>"; };
		CC3BE7821C3B9FE8009EDB46 /* Info.plist */ = {isa = PBXFileReference; lastKnownFileType = text.plist.xml; path = Info.plist; sourceTree = "<group>"; };
		CC3BE7871C3B9FE8009EDB46 /* easyMusic2UITests.xctest */ = {isa = PBXFileReference; explicitFileType = wrapper.cfbundle; includeInIndex = 0; path = easyMusic2UITests.xctest; sourceTree = BUILT_PRODUCTS_DIR; };
		CC3BE78B1C3B9FE8009EDB46 /* easyMusic2UITests.m */ = {isa = PBXFileReference; lastKnownFileType = sourcecode.c.objc; path = easyMusic2UITests.m; sourceTree = "<group>"; };
		CC3BE78D1C3B9FE8009EDB46 /* Info.plist */ = {isa = PBXFileReference; lastKnownFileType = text.plist.xml; path = Info.plist; sourceTree = "<group>"; };
		CC3BE7991C3BA071009EDB46 /* DirectView.h */ = {isa = PBXFileReference; fileEncoding = 4; lastKnownFileType = sourcecode.c.h; name = DirectView.h; path = ../../EasyMusic/EasyMusic/DirectView.h; sourceTree = "<group>"; };
		CC3BE79A1C3BA071009EDB46 /* DirectView.m */ = {isa = PBXFileReference; fileEncoding = 4; lastKnownFileType = sourcecode.c.objc; name = DirectView.m; path = ../../EasyMusic/EasyMusic/DirectView.m; sourceTree = "<group>"; };
		CC3BE79B1C3BA071009EDB46 /* EasonMusic.plist */ = {isa = PBXFileReference; fileEncoding = 4; lastKnownFileType = text.plist.xml; name = EasonMusic.plist; path = ../../EasyMusic/EasyMusic/EasonMusic.plist; sourceTree = "<group>"; };
		CC3BE79C1C3BA071009EDB46 /* he2.icon_00.png */ = {isa = PBXFileReference; lastKnownFileType = image.png; name = he2.icon_00.png; path = ../../EasyMusic/EasyMusic/he2.icon_00.png; sourceTree = "<group>"; };
		CC3BE79D1C3BA071009EDB46 /* he2.icon_01.png */ = {isa = PBXFileReference; lastKnownFileType = image.png; name = he2.icon_01.png; path = ../../EasyMusic/EasyMusic/he2.icon_01.png; sourceTree = "<group>"; };
		CC3BE79E1C3BA071009EDB46 /* he2.icon_02.png */ = {isa = PBXFileReference; lastKnownFileType = image.png; name = he2.icon_02.png; path = ../../EasyMusic/EasyMusic/he2.icon_02.png; sourceTree = "<group>"; };
		CC3BE79F1C3BA071009EDB46 /* he2.icon_03.png */ = {isa = PBXFileReference; lastKnownFileType = image.png; name = he2.icon_03.png; path = ../../EasyMusic/EasyMusic/he2.icon_03.png; sourceTree = "<group>"; };
		CC3BE7A01C3BA071009EDB46 /* he2.icon_05.png */ = {isa = PBXFileReference; lastKnownFileType = image.png; name = he2.icon_05.png; path = ../../EasyMusic/EasyMusic/he2.icon_05.png; sourceTree = "<group>"; };
		CC3BE7A11C3BA071009EDB46 /* listModel.h */ = {isa = PBXFileReference; fileEncoding = 4; lastKnownFileType = sourcecode.c.h; name = listModel.h; path = ../../EasyMusic/EasyMusic/listModel.h; sourceTree = "<group>"; };
		CC3BE7A21C3BA071009EDB46 /* listModel.m */ = {isa = PBXFileReference; fileEncoding = 4; lastKnownFileType = sourcecode.c.objc; name = listModel.m; path = ../../EasyMusic/EasyMusic/listModel.m; sourceTree = "<group>"; };
		CC3BE7A31C3BA071009EDB46 /* listVC.h */ = {isa = PBXFileReference; fileEncoding = 4; lastKnownFileType = sourcecode.c.h; name = listVC.h; path = ../../EasyMusic/EasyMusic/listVC.h; sourceTree = "<group>"; };
		CC3BE7A41C3BA071009EDB46 /* listVC.m */ = {isa = PBXFileReference; fileEncoding = 4; lastKnownFileType = sourcecode.c.objc; name = listVC.m; path = ../../EasyMusic/EasyMusic/listVC.m; sourceTree = "<group>"; };
		CC3BE7A61C3BA071009EDB46 /* parsingLRC.h */ = {isa = PBXFileReference; fileEncoding = 4; lastKnownFileType = sourcecode.c.h; name = parsingLRC.h; path = ../../EasyMusic/EasyMusic/parsingLRC.h; sourceTree = "<group>"; };
		CC3BE7A71C3BA071009EDB46 /* parsingLRC.m */ = {isa = PBXFileReference; fileEncoding = 4; lastKnownFileType = sourcecode.c.objc; name = parsingLRC.m; path = ../../EasyMusic/EasyMusic/parsingLRC.m; sourceTree = "<group>"; };
		CC3BE7A81C3BA071009EDB46 /* playerHandle.h */ = {isa = PBXFileReference; fileEncoding = 4; lastKnownFileType = sourcecode.c.h; name = playerHandle.h; path = ../../EasyMusic/EasyMusic/playerHandle.h; sourceTree = "<group>"; };
		CC3BE7A91C3BA071009EDB46 /* playerHandle.m */ = {isa = PBXFileReference; fileEncoding = 4; lastKnownFileType = sourcecode.c.objc; name = playerHandle.m; path = ../../EasyMusic/EasyMusic/playerHandle.m; sourceTree = "<group>"; };
		CC3BE7AA1C3BA071009EDB46 /* PlayViewController.h */ = {isa = PBXFileReference; fileEncoding = 4; lastKnownFileType = sourcecode.c.h; name = PlayViewController.h; path = ../../EasyMusic/EasyMusic/PlayViewController.h; sourceTree = "<group>"; };
		CC3BE7AB1C3BA071009EDB46 /* PlayViewController.m */ = {isa = PBXFileReference; fileEncoding = 4; lastKnownFileType = sourcecode.c.objc; name = PlayViewController.m; path = ../../EasyMusic/EasyMusic/PlayViewController.m; sourceTree = "<group>"; };
		CC3BE7AC1C3BA071009EDB46 /* PlayViewController.xib */ = {isa = PBXFileReference; fileEncoding = 4; lastKnownFileType = file.xib; name = PlayViewController.xib; path = ../../EasyMusic/EasyMusic/PlayViewController.xib; sourceTree = "<group>"; };
		CC3BE7AD1C3BA071009EDB46 /* songlistHandle.h */ = {isa = PBXFileReference; fileEncoding = 4; lastKnownFileType = sourcecode.c.h; name = songlistHandle.h; path = ../../EasyMusic/EasyMusic/songlistHandle.h; sourceTree = "<group>"; };
		CC3BE7AE1C3BA071009EDB46 /* songlistHandle.m */ = {isa = PBXFileReference; fileEncoding = 4; lastKnownFileType = sourcecode.c.objc; name = songlistHandle.m; path = ../../EasyMusic/EasyMusic/songlistHandle.m; sourceTree = "<group>"; };
		CC3BE7AF1C3BA071009EDB46 /* songlistTableViewCell.h */ = {isa = PBXFileReference; fileEncoding = 4; lastKnownFileType = sourcecode.c.h; name = songlistTableViewCell.h; path = ../../EasyMusic/EasyMusic/songlistTableViewCell.h; sourceTree = "<group>"; };
		CC3BE7B01C3BA071009EDB46 /* songlistTableViewCell.m */ = {isa = PBXFileReference; fileEncoding = 4; lastKnownFileType = sourcecode.c.objc; name = songlistTableViewCell.m; path = ../../EasyMusic/EasyMusic/songlistTableViewCell.m; sourceTree = "<group>"; };
		CC3BE7B11C3BA071009EDB46 /* songlistTableViewCell.xib */ = {isa = PBXFileReference; fileEncoding = 4; lastKnownFileType = file.xib; name = songlistTableViewCell.xib; path = ../../EasyMusic/EasyMusic/songlistTableViewCell.xib; sourceTree = "<group>"; };
		CC3BE7C61C3BA086009EDB46 /* HeMusic.h */ = {isa = PBXFileReference; fileEncoding = 4; lastKnownFileType = sourcecode.c.h; name = HeMusic.h; path = ../../EasyMusic/HeMusic.h; sourceTree = "<group>"; };
		CCF580E41C3CBF0D00099A01 /* 播放.png */ = {isa = PBXFileReference; lastKnownFileType = image.png; path = "播放.png"; sourceTree = "<group>"; };
		CCF580E51C3CBF0D00099A01 /* 播放队列.png */ = {isa = PBXFileReference; lastKnownFileType = image.png; path = "播放队列.png"; sourceTree = "<group>"; };
		CCF580E61C3CBF0D00099A01 /* 陈奕迅 - 好久不见.mp3 */ = {isa = PBXFileReference; lastKnownFileType = audio.mp3; path = "陈奕迅 - 好久不见.mp3"; sourceTree = "<group>"; };
		CCF580E71C3CBF0D00099A01 /* 陈奕迅 - 红玫瑰.mp3 */ = {isa = PBXFileReference; lastKnownFileType = audio.mp3; path = "陈奕迅 - 红玫瑰.mp3"; sourceTree = "<group>"; };
		CCF580E81C3CBF0D00099A01 /* 陈奕迅 - 十年.mp3 */ = {isa = PBXFileReference; lastKnownFileType = audio.mp3; path = "陈奕迅 - 十年.mp3"; sourceTree = "<group>"; };
		CCF580E91C3CBF0D00099A01 /* 单曲循环.png */ = {isa = PBXFileReference; lastKnownFileType = image.png; path = "单曲循环.png"; sourceTree = "<group>"; };
		CCF580EA1C3CBF0D00099A01 /* 分享.png */ = {isa = PBXFileReference; lastKnownFileType = image.png; path = "分享.png"; sourceTree = "<group>"; };
		CCF580EB1C3CBF0D00099A01 /* 歌词-on.png */ = {isa = PBXFileReference; lastKnownFileType = image.png; path = "歌词-on.png"; sourceTree = "<group>"; };
		CCF580EC1C3CBF0D00099A01 /* 歌曲-on.png */ = {isa = PBXFileReference; lastKnownFileType = image.png; path = "歌曲-on.png"; sourceTree = "<group>"; };
		CCF580ED1C3CBF0D00099A01 /* 好久不见.lrc */ = {isa = PBXFileReference; fileEncoding = 4; lastKnownFileType = text; path = "好久不见.lrc"; sourceTree = "<group>"; };
		CCF580EE1C3CBF0D00099A01 /* 红玫瑰.lrc */ = {isa = PBXFileReference; fileEncoding = 4; lastKnownFileType = text; path = "红玫瑰.lrc"; sourceTree = "<group>"; };
		CCF580EF1C3CBF0D00099A01 /* 后退.png */ = {isa = PBXFileReference; lastKnownFileType = image.png; path = "后退.png"; sourceTree = "<group>"; };
		CCF580F01C3CBF0D00099A01 /* 前进.png */ = {isa = PBXFileReference; lastKnownFileType = image.png; path = "前进.png"; sourceTree = "<group>"; };
		CCF580F11C3CBF0D00099A01 /* 十年.lrc */ = {isa = PBXFileReference; fileEncoding = 4; lastKnownFileType = text; path = "十年.lrc"; sourceTree = "<group>"; };
		CCF580F21C3CBF0D00099A01 /* 顺序播放.png */ = {isa = PBXFileReference; lastKnownFileType = image.png; path = "顺序播放.png"; sourceTree = "<group>"; };
		CCF580F31C3CBF0D00099A01 /* 随机播放.png */ = {isa = PBXFileReference; lastKnownFileType = image.png; path = "随机播放.png"; sourceTree = "<group>"; };
		CCF580F41C3CBF0D00099A01 /* 写真-on.png */ = {isa = PBXFileReference; lastKnownFileType = image.png; path = "写真-on.png"; sourceTree = "<group>"; };
		CCF580F51C3CBF0D00099A01 /* 音量@2x.png */ = {isa = PBXFileReference; lastKnownFileType = image.png; path = "音量@2x.png"; sourceTree = "<group>"; };
		CCF580F61C3CBF0D00099A01 /* 音效4.png */ = {isa = PBXFileReference; lastKnownFileType = image.png; path = "音效4.png"; sourceTree = "<group>"; };
		CCF580F71C3CBF0D00099A01 /* 音效4on.png */ = {isa = PBXFileReference; lastKnownFileType = image.png; path = "音效4on.png"; sourceTree = "<group>"; };
		CCF580F81C3CBF0D00099A01 /* 暂停.png */ = {isa = PBXFileReference; lastKnownFileType = image.png; path = "暂停.png"; sourceTree = "<group>"; };
		CCF580F91C3CBF0D00099A01 /* BG_Img.png */ = {isa = PBXFileReference; lastKnownFileType = image.png; path = BG_Img.png; sourceTree = "<group>"; };
		CCF580FA1C3CBF0D00099A01 /* BGlrc.jpg */ = {isa = PBXFileReference; lastKnownFileType = image.jpeg; path = BGlrc.jpg; sourceTree = "<group>"; };
		CCF581131C3CC0D700099A01 /* Evoice.png */ = {isa = PBXFileReference; lastKnownFileType = image.png; path = Evoice.png; sourceTree = "<group>"; };
		CCF581151C3CEA7A00099A01 /* NSString+timer.h */ = {isa = PBXFileReference; fileEncoding = 4; lastKnownFileType = sourcecode.c.h; path = "NSString+timer.h"; sourceTree = "<group>"; };
		CCF581161C3CEA7A00099A01 /* NSString+timer.m */ = {isa = PBXFileReference; fileEncoding = 4; lastKnownFileType = sourcecode.c.objc; path = "NSString+timer.m"; sourceTree = "<group>"; };
/* End PBXFileReference section */

/* Begin PBXFrameworksBuildPhase section */
		CC3BE7601C3B9FE8009EDB46 /* Frameworks */ = {
			isa = PBXFrameworksBuildPhase;
			buildActionMask = 2147483647;
			files = (
			);
			runOnlyForDeploymentPostprocessing = 0;
		};
		CC3BE7791C3B9FE8009EDB46 /* Frameworks */ = {
			isa = PBXFrameworksBuildPhase;
			buildActionMask = 2147483647;
			files = (
			);
			runOnlyForDeploymentPostprocessing = 0;
		};
		CC3BE7841C3B9FE8009EDB46 /* Frameworks */ = {
			isa = PBXFrameworksBuildPhase;
			buildActionMask = 2147483647;
			files = (
			);
			runOnlyForDeploymentPostprocessing = 0;
		};
/* End PBXFrameworksBuildPhase section */

/* Begin PBXGroup section */
		CC3BE75A1C3B9FE8009EDB46 = {
			isa = PBXGroup;
			children = (
				CC3BE7651C3B9FE8009EDB46 /* easyMusic2 */,
				CC3BE77F1C3B9FE8009EDB46 /* easyMusic2Tests */,
				CC3BE78A1C3B9FE8009EDB46 /* easyMusic2UITests */,
				CC3BE7641C3B9FE8009EDB46 /* Products */,
			);
			sourceTree = "<group>";
		};
		CC3BE7641C3B9FE8009EDB46 /* Products */ = {
			isa = PBXGroup;
			children = (
				CC3BE7631C3B9FE8009EDB46 /* easyMusic2.app */,
				CC3BE77C1C3B9FE8009EDB46 /* easyMusic2Tests.xctest */,
				CC3BE7871C3B9FE8009EDB46 /* easyMusic2UITests.xctest */,
			);
			name = Products;
			sourceTree = "<group>";
		};
		CC3BE7651C3B9FE8009EDB46 /* easyMusic2 */ = {
			isa = PBXGroup;
			children = (
				CC3BE7C81C3BA3B7009EDB46 /* Tools */,
				CC3BE7CA1C3BA3ED009EDB46 /* Models */,
				CC3BE7C91C3BA3D8009EDB46 /* Views */,
				CC3BE7C71C3BA399009EDB46 /* controllers */,
				CC3BE7691C3B9FE8009EDB46 /* AppDelegate.h */,
				CC3BE76A1C3B9FE8009EDB46 /* AppDelegate.m */,
				CC3BE76F1C3B9FE8009EDB46 /* Main.storyboard */,
				CC3BE7721C3B9FE8009EDB46 /* Assets.xcassets */,
				CC3BE7741C3B9FE8009EDB46 /* LaunchScreen.storyboard */,
				CC3BE7771C3B9FE8009EDB46 /* Info.plist */,
				CC3BE7661C3B9FE8009EDB46 /* Supporting Files */,
			);
			path = easyMusic2;
			sourceTree = "<group>";
		};
		CC3BE7661C3B9FE8009EDB46 /* Supporting Files */ = {
			isa = PBXGroup;
			children = (
				CCF581121C3CBF1A00099A01 /* resources */,
				CCF5811A1C3D176200099A01 /* images */,
				CC3BE7671C3B9FE8009EDB46 /* main.m */,
			);
			name = "Supporting Files";
			sourceTree = "<group>";
		};
		CC3BE77F1C3B9FE8009EDB46 /* easyMusic2Tests */ = {
			isa = PBXGroup;
			children = (
				CC3BE7801C3B9FE8009EDB46 /* easyMusic2Tests.m */,
				CC3BE7821C3B9FE8009EDB46 /* Info.plist */,
			);
			path = easyMusic2Tests;
			sourceTree = "<group>";
		};
		CC3BE78A1C3B9FE8009EDB46 /* easyMusic2UITests */ = {
			isa = PBXGroup;
			children = (
				CC3BE78B1C3B9FE8009EDB46 /* easyMusic2UITests.m */,
				CC3BE78D1C3B9FE8009EDB46 /* Info.plist */,
			);
			path = easyMusic2UITests;
			sourceTree = "<group>";
		};
		CC3BE7C71C3BA399009EDB46 /* controllers */ = {
			isa = PBXGroup;
			children = (
				CC3BE7A31C3BA071009EDB46 /* listVC.h */,
				CC3BE7A41C3BA071009EDB46 /* listVC.m */,
				CC3BE7AA1C3BA071009EDB46 /* PlayViewController.h */,
				CC3BE7AB1C3BA071009EDB46 /* PlayViewController.m */,
				CC3BE7AC1C3BA071009EDB46 /* PlayViewController.xib */,
			);
			name = controllers;
			sourceTree = "<group>";
		};
		CC3BE7C81C3BA3B7009EDB46 /* Tools */ = {
			isa = PBXGroup;
			children = (
				CC3BE7C61C3BA086009EDB46 /* HeMusic.h */,
				CC3BE7AD1C3BA071009EDB46 /* songlistHandle.h */,
				CC3BE7AE1C3BA071009EDB46 /* songlistHandle.m */,
				CC3BE7A81C3BA071009EDB46 /* playerHandle.h */,
				CC3BE7A91C3BA071009EDB46 /* playerHandle.m */,
				CCF581151C3CEA7A00099A01 /* NSString+timer.h */,
				CCF581161C3CEA7A00099A01 /* NSString+timer.m */,
			);
			name = Tools;
			sourceTree = "<group>";
		};
		CC3BE7C91C3BA3D8009EDB46 /* Views */ = {
			isa = PBXGroup;
			children = (
				CC3BE7991C3BA071009EDB46 /* DirectView.h */,
				CC3BE79A1C3BA071009EDB46 /* DirectView.m */,
				CC3BE7A61C3BA071009EDB46 /* parsingLRC.h */,
				CC3BE7A71C3BA071009EDB46 /* parsingLRC.m */,
				CC3BE7AF1C3BA071009EDB46 /* songlistTableViewCell.h */,
				CC3BE7B01C3BA071009EDB46 /* songlistTableViewCell.m */,
				CC3BE7B11C3BA071009EDB46 /* songlistTableViewCell.xib */,
			);
			name = Views;
			sourceTree = "<group>";
		};
		CC3BE7CA1C3BA3ED009EDB46 /* Models */ = {
			isa = PBXGroup;
			children = (
				CC3BE7A11C3BA071009EDB46 /* listModel.h */,
				CC3BE7A21C3BA071009EDB46 /* listModel.m */,
			);
			name = Models;
			sourceTree = "<group>";
		};
		CCF581121C3CBF1A00099A01 /* resources */ = {
			isa = PBXGroup;
			children = (
				CCF580E61C3CBF0D00099A01 /* 陈奕迅 - 好久不见.mp3 */,
				CCF580E71C3CBF0D00099A01 /* 陈奕迅 - 红玫瑰.mp3 */,
				CCF580E81C3CBF0D00099A01 /* 陈奕迅 - 十年.mp3 */,
				CCF580ED1C3CBF0D00099A01 /* 好久不见.lrc */,
				CCF580EE1C3CBF0D00099A01 /* 红玫瑰.lrc */,
				CCF580F11C3CBF0D00099A01 /* 十年.lrc */,
			);
			name = resources;
			sourceTree = "<group>";
		};
		CCF5811A1C3D176200099A01 /* images */ = {
			isa = PBXGroup;
			children = (
				CCF580E41C3CBF0D00099A01 /* 播放.png */,
				CC3BE7A01C3BA071009EDB46 /* he2.icon_05.png */,
				CCF581131C3CC0D700099A01 /* Evoice.png */,
				CCF580E51C3CBF0D00099A01 /* 播放队列.png */,
				CCF580E91C3CBF0D00099A01 /* 单曲循环.png */,
				CCF580EA1C3CBF0D00099A01 /* 分享.png */,
				CCF580EB1C3CBF0D00099A01 /* 歌词-on.png */,
				CCF580EC1C3CBF0D00099A01 /* 歌曲-on.png */,
				CCF580EF1C3CBF0D00099A01 /* 后退.png */,
				CCF580F01C3CBF0D00099A01 /* 前进.png */,
				CCF580F21C3CBF0D00099A01 /* 顺序播放.png */,
				CCF580F31C3CBF0D00099A01 /* 随机播放.png */,
				CCF580F41C3CBF0D00099A01 /* 写真-on.png */,
				CCF580F51C3CBF0D00099A01 /* 音量@2x.png */,
				CCF580F61C3CBF0D00099A01 /* 音效4.png */,
				CCF580F71C3CBF0D00099A01 /* 音效4on.png */,
				CCF580F81C3CBF0D00099A01 /* 暂停.png */,
				CCF580F91C3CBF0D00099A01 /* BG_Img.png */,
				CCF580FA1C3CBF0D00099A01 /* BGlrc.jpg */,
				CC3BE79B1C3BA071009EDB46 /* EasonMusic.plist */,
				CC3BE79C1C3BA071009EDB46 /* he2.icon_00.png */,
				CC3BE79D1C3BA071009EDB46 /* he2.icon_01.png */,
				CC3BE79E1C3BA071009EDB46 /* he2.icon_02.png */,
				CC3BE79F1C3BA071009EDB46 /* he2.icon_03.png */,
			);
			name = images;
			sourceTree = "<group>";
		};
/* End PBXGroup section */

/* Begin PBXNativeTarget section */
		CC3BE7621C3B9FE8009EDB46 /* easyMusic2 */ = {
			isa = PBXNativeTarget;
			buildConfigurationList = CC3BE7901C3B9FE8009EDB46 /* Build configuration list for PBXNativeTarget "easyMusic2" */;
			buildPhases = (
				CC3BE75F1C3B9FE8009EDB46 /* Sources */,
				CC3BE7601C3B9FE8009EDB46 /* Frameworks */,
				CC3BE7611C3B9FE8009EDB46 /* Resources */,
			);
			buildRules = (
			);
			dependencies = (
			);
			name = easyMusic2;
			productName = easyMusic2;
			productReference = CC3BE7631C3B9FE8009EDB46 /* easyMusic2.app */;
			productType = "com.apple.product-type.application";
		};
		CC3BE77B1C3B9FE8009EDB46 /* easyMusic2Tests */ = {
			isa = PBXNativeTarget;
			buildConfigurationList = CC3BE7931C3B9FE8009EDB46 /* Build configuration list for PBXNativeTarget "easyMusic2Tests" */;
			buildPhases = (
				CC3BE7781C3B9FE8009EDB46 /* Sources */,
				CC3BE7791C3B9FE8009EDB46 /* Frameworks */,
				CC3BE77A1C3B9FE8009EDB46 /* Resources */,
			);
			buildRules = (
			);
			dependencies = (
				CC3BE77E1C3B9FE8009EDB46 /* PBXTargetDependency */,
			);
			name = easyMusic2Tests;
			productName = easyMusic2Tests;
			productReference = CC3BE77C1C3B9FE8009EDB46 /* easyMusic2Tests.xctest */;
			productType = "com.apple.product-type.bundle.unit-test";
		};
		CC3BE7861C3B9FE8009EDB46 /* easyMusic2UITests */ = {
			isa = PBXNativeTarget;
			buildConfigurationList = CC3BE7961C3B9FE8009EDB46 /* Build configuration list for PBXNativeTarget "easyMusic2UITests" */;
			buildPhases = (
				CC3BE7831C3B9FE8009EDB46 /* Sources */,
				CC3BE7841C3B9FE8009EDB46 /* Frameworks */,
				CC3BE7851C3B9FE8009EDB46 /* Resources */,
			);
			buildRules = (
			);
			dependencies = (
				CC3BE7891C3B9FE8009EDB46 /* PBXTargetDependency */,
			);
			name = easyMusic2UITests;
			productName = easyMusic2UITests;
			productReference = CC3BE7871C3B9FE8009EDB46 /* easyMusic2UITests.xctest */;
			productType = "com.apple.product-type.bundle.ui-testing";
		};
/* End PBXNativeTarget section */

/* Begin PBXProject section */
		CC3BE75B1C3B9FE8009EDB46 /* Project object */ = {
			isa = PBXProject;
			attributes = {
				LastUpgradeCheck = 0720;
				ORGANIZATIONNAME = qingyun;
				TargetAttributes = {
					CC3BE7621C3B9FE8009EDB46 = {
						CreatedOnToolsVersion = 7.2;
					};
					CC3BE77B1C3B9FE8009EDB46 = {
						CreatedOnToolsVersion = 7.2;
						TestTargetID = CC3BE7621C3B9FE8009EDB46;
					};
					CC3BE7861C3B9FE8009EDB46 = {
						CreatedOnToolsVersion = 7.2;
						TestTargetID = CC3BE7621C3B9FE8009EDB46;
					};
				};
			};
			buildConfigurationList = CC3BE75E1C3B9FE8009EDB46 /* Build configuration list for PBXProject "easyMusic2" */;
			compatibilityVersion = "Xcode 3.2";
			developmentRegion = English;
			hasScannedForEncodings = 0;
			knownRegions = (
				en,
				Base,
			);
			mainGroup = CC3BE75A1C3B9FE8009EDB46;
			productRefGroup = CC3BE7641C3B9FE8009EDB46 /* Products */;
			projectDirPath = "";
			projectRoot = "";
			targets = (
				CC3BE7621C3B9FE8009EDB46 /* easyMusic2 */,
				CC3BE77B1C3B9FE8009EDB46 /* easyMusic2Tests */,
				CC3BE7861C3B9FE8009EDB46 /* easyMusic2UITests */,
			);
		};
/* End PBXProject section */

/* Begin PBXResourcesBuildPhase section */
		CC3BE7611C3B9FE8009EDB46 /* Resources */ = {
			isa = PBXResourcesBuildPhase;
			buildActionMask = 2147483647;
			files = (
				CC3BE7B61C3BA071009EDB46 /* he2.icon_00.png in Resources */,
				CCF581071C3CBF0D00099A01 /* 前进.png in Resources */,
				CCF580FE1C3CBF0D00099A01 /* 陈奕迅 - 红玫瑰.mp3 in Resources */,
				CC3BE7761C3B9FE8009EDB46 /* LaunchScreen.storyboard in Resources */,
				CCF581001C3CBF0D00099A01 /* 单曲循环.png in Resources */,
				CCF581081C3CBF0D00099A01 /* 十年.lrc in Resources */,
				CC3BE7B91C3BA071009EDB46 /* he2.icon_03.png in Resources */,
				CC3BE7B71C3BA071009EDB46 /* he2.icon_01.png in Resources */,
				CCF581111C3CBF0D00099A01 /* BGlrc.jpg in Resources */,
				CCF581011C3CBF0D00099A01 /* 分享.png in Resources */,
				CCF5810A1C3CBF0D00099A01 /* 随机播放.png in Resources */,
				CC3BE7B51C3BA071009EDB46 /* EasonMusic.plist in Resources */,
				CCF580FD1C3CBF0D00099A01 /* 陈奕迅 - 好久不见.mp3 in Resources */,
				CC3BE7BA1C3BA071009EDB46 /* he2.icon_05.png in Resources */,
				CCF581091C3CBF0D00099A01 /* 顺序播放.png in Resources */,
				CCF5810B1C3CBF0D00099A01 /* 写真-on.png in Resources */,
				CC3BE7C11C3BA071009EDB46 /* PlayViewController.xib in Resources */,
				CC3BE7C41C3BA071009EDB46 /* songlistTableViewCell.xib in Resources */,
				CCF580FB1C3CBF0D00099A01 /* 播放.png in Resources */,
				CCF581051C3CBF0D00099A01 /* 红玫瑰.lrc in Resources */,
				CCF581041C3CBF0D00099A01 /* 好久不见.lrc in Resources */,
				CC3BE7731C3B9FE8009EDB46 /* Assets.xcassets in Resources */,
				CCF5810D1C3CBF0D00099A01 /* 音效4.png in Resources */,
				CCF581141C3CC0D700099A01 /* Evoice.png in Resources */,
				CC3BE7B81C3BA071009EDB46 /* he2.icon_02.png in Resources */,
				CCF5810F1C3CBF0D00099A01 /* 暂停.png in Resources */,
				CCF580FC1C3CBF0D00099A01 /* 播放队列.png in Resources */,
				CCF581031C3CBF0D00099A01 /* 歌曲-on.png in Resources */,
				CCF581021C3CBF0D00099A01 /* 歌词-on.png in Resources */,
				CCF580FF1C3CBF0D00099A01 /* 陈奕迅 - 十年.mp3 in Resources */,
				CCF5810C1C3CBF0D00099A01 /* 音量@2x.png in Resources */,
				CCF581101C3CBF0D00099A01 /* BG_Img.png in Resources */,
				CCF5810E1C3CBF0D00099A01 /* 音效4on.png in Resources */,
				CCF581061C3CBF0D00099A01 /* 后退.png in Resources */,
				CC3BE7711C3B9FE8009EDB46 /* Main.storyboard in Resources */,
			);
			runOnlyForDeploymentPostprocessing = 0;
		};
		CC3BE77A1C3B9FE8009EDB46 /* Resources */ = {
			isa = PBXResourcesBuildPhase;
			buildActionMask = 2147483647;
			files = (
			);
			runOnlyForDeploymentPostprocessing = 0;
		};
		CC3BE7851C3B9FE8009EDB46 /* Resources */ = {
			isa = PBXResourcesBuildPhase;
			buildActionMask = 2147483647;
			files = (
			);
			runOnlyForDeploymentPostprocessing = 0;
		};
/* End PBXResourcesBuildPhase section */

/* Begin PBXSourcesBuildPhase section */
		CC3BE75F1C3B9FE8009EDB46 /* Sources */ = {
			isa = PBXSourcesBuildPhase;
			buildActionMask = 2147483647;
			files = (
				CCF581171C3CEA7A00099A01 /* NSString+timer.m in Sources */,
				CC3BE7B41C3BA071009EDB46 /* DirectView.m in Sources */,
				CC3BE7BF1C3BA071009EDB46 /* playerHandle.m in Sources */,
				CC3BE7BC1C3BA071009EDB46 /* listVC.m in Sources */,
				CC3BE76B1C3B9FE8009EDB46 /* AppDelegate.m in Sources */,
				CC3BE7C31C3BA071009EDB46 /* songlistTableViewCell.m in Sources */,
				CC3BE7681C3B9FE8009EDB46 /* main.m in Sources */,
				CC3BE7BE1C3BA071009EDB46 /* parsingLRC.m in Sources */,
				CC3BE7C01C3BA071009EDB46 /* PlayViewController.m in Sources */,
				CC3BE7C21C3BA071009EDB46 /* songlistHandle.m in Sources */,
				CC3BE7BB1C3BA071009EDB46 /* listModel.m in Sources */,
			);
			runOnlyForDeploymentPostprocessing = 0;
		};
		CC3BE7781C3B9FE8009EDB46 /* Sources */ = {
			isa = PBXSourcesBuildPhase;
			buildActionMask = 2147483647;
			files = (
				CC3BE7811C3B9FE8009EDB46 /* easyMusic2Tests.m in Sources */,
			);
			runOnlyForDeploymentPostprocessing = 0;
		};
		CC3BE7831C3B9FE8009EDB46 /* Sources */ = {
			isa = PBXSourcesBuildPhase;
			buildActionMask = 2147483647;
			files = (
				CC3BE78C1C3B9FE8009EDB46 /* easyMusic2UITests.m in Sources */,
			);
			runOnlyForDeploymentPostprocessing = 0;
		};
/* End PBXSourcesBuildPhase section */

/* Begin PBXTargetDependency section */
		CC3BE77E1C3B9FE8009EDB46 /* PBXTargetDependency */ = {
			isa = PBXTargetDependency;
			target = CC3BE7621C3B9FE8009EDB46 /* easyMusic2 */;
			targetProxy = CC3BE77D1C3B9FE8009EDB46 /* PBXContainerItemProxy */;
		};
		CC3BE7891C3B9FE8009EDB46 /* PBXTargetDependency */ = {
			isa = PBXTargetDependency;
			target = CC3BE7621C3B9FE8009EDB46 /* easyMusic2 */;
			targetProxy = CC3BE7881C3B9FE8009EDB46 /* PBXContainerItemProxy */;
		};
/* End PBXTargetDependency section */

/* Begin PBXVariantGroup section */
		CC3BE76F1C3B9FE8009EDB46 /* Main.storyboard */ = {
			isa = PBXVariantGroup;
			children = (
				CC3BE7701C3B9FE8009EDB46 /* Base */,
			);
			name = Main.storyboard;
			sourceTree = "<group>";
		};
		CC3BE7741C3B9FE8009EDB46 /* LaunchScreen.storyboard */ = {
			isa = PBXVariantGroup;
			children = (
				CC3BE7751C3B9FE8009EDB46 /* Base */,
			);
			name = LaunchScreen.storyboard;
			sourceTree = "<group>";
		};
/* End PBXVariantGroup section */

/* Begin XCBuildConfiguration section */
		CC3BE78E1C3B9FE8009EDB46 /* Debug */ = {
			isa = XCBuildConfiguration;
			buildSettings = {
				ALWAYS_SEARCH_USER_PATHS = NO;
				CLANG_CXX_LANGUAGE_STANDARD = "gnu++0x";
				CLANG_CXX_LIBRARY = "libc++";
				CLANG_ENABLE_MODULES = YES;
				CLANG_ENABLE_OBJC_ARC = YES;
				CLANG_WARN_BOOL_CONVERSION = YES;
				CLANG_WARN_CONSTANT_CONVERSION = YES;
				CLANG_WARN_DIRECT_OBJC_ISA_USAGE = YES_ERROR;
				CLANG_WARN_EMPTY_BODY = YES;
				CLANG_WARN_ENUM_CONVERSION = YES;
				CLANG_WARN_INT_CONVERSION = YES;
				CLANG_WARN_OBJC_ROOT_CLASS = YES_ERROR;
				CLANG_WARN_UNREACHABLE_CODE = YES;
				CLANG_WARN__DUPLICATE_METHOD_MATCH = YES;
				"CODE_SIGN_IDENTITY[sdk=iphoneos*]" = "iPhone Developer";
				COPY_PHASE_STRIP = NO;
				DEBUG_INFORMATION_FORMAT = dwarf;
				ENABLE_STRICT_OBJC_MSGSEND = YES;
				ENABLE_TESTABILITY = YES;
				GCC_C_LANGUAGE_STANDARD = gnu99;
				GCC_DYNAMIC_NO_PIC = NO;
				GCC_NO_COMMON_BLOCKS = YES;
				GCC_OPTIMIZATION_LEVEL = 0;
				GCC_PREPROCESSOR_DEFINITIONS = (
					"DEBUG=1",
					"$(inherited)",
				);
				GCC_WARN_64_TO_32_BIT_CONVERSION = YES;
				GCC_WARN_ABOUT_RETURN_TYPE = YES_ERROR;
				GCC_WARN_UNDECLARED_SELECTOR = YES;
				GCC_WARN_UNINITIALIZED_AUTOS = YES_AGGRESSIVE;
				GCC_WARN_UNUSED_FUNCTION = YES;
				GCC_WARN_UNUSED_VARIABLE = YES;
				IPHONEOS_DEPLOYMENT_TARGET = 9.2;
				MTL_ENABLE_DEBUG_INFO = YES;
				ONLY_ACTIVE_ARCH = YES;
				SDKROOT = iphoneos;
			};
			name = Debug;
		};
		CC3BE78F1C3B9FE8009EDB46 /* Release */ = {
			isa = XCBuildConfiguration;
			buildSettings = {
				ALWAYS_SEARCH_USER_PATHS = NO;
				CLANG_CXX_LANGUAGE_STANDARD = "gnu++0x";
				CLANG_CXX_LIBRARY = "libc++";
				CLANG_ENABLE_MODULES = YES;
				CLANG_ENABLE_OBJC_ARC = YES;
				CLANG_WARN_BOOL_CONVERSION = YES;
				CLANG_WARN_CONSTANT_CONVERSION = YES;
				CLANG_WARN_DIRECT_OBJC_ISA_USAGE = YES_ERROR;
				CLANG_WARN_EMPTY_BODY = YES;
				CLANG_WARN_ENUM_CONVERSION = YES;
				CLANG_WARN_INT_CONVERSION = YES;
				CLANG_WARN_OBJC_ROOT_CLASS = YES_ERROR;
				CLANG_WARN_UNREACHABLE_CODE = YES;
				CLANG_WARN__DUPLICATE_METHOD_MATCH = YES;
				"CODE_SIGN_IDENTITY[sdk=iphoneos*]" = "iPhone Developer";
				COPY_PHASE_STRIP = NO;
				DEBUG_INFORMATION_FORMAT = "dwarf-with-dsym";
				ENABLE_NS_ASSERTIONS = NO;
				ENABLE_STRICT_OBJC_MSGSEND = YES;
				GCC_C_LANGUAGE_STANDARD = gnu99;
				GCC_NO_COMMON_BLOCKS = YES;
				GCC_WARN_64_TO_32_BIT_CONVERSION = YES;
				GCC_WARN_ABOUT_RETURN_TYPE = YES_ERROR;
				GCC_WARN_UNDECLARED_SELECTOR = YES;
				GCC_WARN_UNINITIALIZED_AUTOS = YES_AGGRESSIVE;
				GCC_WARN_UNUSED_FUNCTION = YES;
				GCC_WARN_UNUSED_VARIABLE = YES;
				IPHONEOS_DEPLOYMENT_TARGET = 9.2;
				MTL_ENABLE_DEBUG_INFO = NO;
				SDKROOT = iphoneos;
				VALIDATE_PRODUCT = YES;
			};
			name = Release;
		};
		CC3BE7911C3B9FE8009EDB46 /* Debug */ = {
			isa = XCBuildConfiguration;
			buildSettings = {
				ASSETCATALOG_COMPILER_APPICON_NAME = AppIcon;
				INFOPLIST_FILE = easyMusic2/Info.plist;
				LD_RUNPATH_SEARCH_PATHS = "$(inherited) @executable_path/Frameworks";
				PRODUCT_BUNDLE_IDENTIFIER = com.qingyun.easyMusic2;
				PRODUCT_NAME = "$(TARGET_NAME)";
			};
			name = Debug;
		};
		CC3BE7921C3B9FE8009EDB46 /* Release */ = {
			isa = XCBuildConfiguration;
			buildSettings = {
				ASSETCATALOG_COMPILER_APPICON_NAME = AppIcon;
				INFOPLIST_FILE = easyMusic2/Info.plist;
				LD_RUNPATH_SEARCH_PATHS = "$(inherited) @executable_path/Frameworks";
				PRODUCT_BUNDLE_IDENTIFIER = com.qingyun.easyMusic2;
				PRODUCT_NAME = "$(TARGET_NAME)";
			};
			name = Release;
		};
		CC3BE7941C3B9FE8009EDB46 /* Debug */ = {
			isa = XCBuildConfiguration;
			buildSettings = {
				BUNDLE_LOADER = "$(TEST_HOST)";
				INFOPLIST_FILE = easyMusic2Tests/Info.plist;
				LD_RUNPATH_SEARCH_PATHS = "$(inherited) @executable_path/Frameworks @loader_path/Frameworks";
				PRODUCT_BUNDLE_IDENTIFIER = com.qingyun.easyMusic2Tests;
				PRODUCT_NAME = "$(TARGET_NAME)";
				TEST_HOST = "$(BUILT_PRODUCTS_DIR)/easyMusic2.app/easyMusic2";
			};
			name = Debug;
		};
		CC3BE7951C3B9FE8009EDB46 /* Release */ = {
			isa = XCBuildConfiguration;
			buildSettings = {
				BUNDLE_LOADER = "$(TEST_HOST)";
				INFOPLIST_FILE = easyMusic2Tests/Info.plist;
				LD_RUNPATH_SEARCH_PATHS = "$(inherited) @executable_path/Frameworks @loader_path/Frameworks";
				PRODUCT_BUNDLE_IDENTIFIER = com.qingyun.easyMusic2Tests;
				PRODUCT_NAME = "$(TARGET_NAME)";
				TEST_HOST = "$(BUILT_PRODUCTS_DIR)/easyMusic2.app/easyMusic2";
			};
			name = Release;
		};
		CC3BE7971C3B9FE8009EDB46 /* Debug */ = {
			isa = XCBuildConfiguration;
			buildSettings = {
				INFOPLIST_FILE = easyMusic2UITests/Info.plist;
				LD_RUNPATH_SEARCH_PATHS = "$(inherited) @executable_path/Frameworks @loader_path/Frameworks";
				PRODUCT_BUNDLE_IDENTIFIER = com.qingyun.easyMusic2UITests;
				PRODUCT_NAME = "$(TARGET_NAME)";
				TEST_TARGET_NAME = easyMusic2;
				USES_XCTRUNNER = YES;
			};
			name = Debug;
		};
		CC3BE7981C3B9FE8009EDB46 /* Release */ = {
			isa = XCBuildConfiguration;
			buildSettings = {
				INFOPLIST_FILE = easyMusic2UITests/Info.plist;
				LD_RUNPATH_SEARCH_PATHS = "$(inherited) @executable_path/Frameworks @loader_path/Frameworks";
				PRODUCT_BUNDLE_IDENTIFIER = com.qingyun.easyMusic2UITests;
				PRODUCT_NAME = "$(TARGET_NAME)";
				TEST_TARGET_NAME = easyMusic2;
				USES_XCTRUNNER = YES;
			};
			name = Release;
		};
/* End XCBuildConfiguration section */

/* Begin XCConfigurationList section */
		CC3BE75E1C3B9FE8009EDB46 /* Build configuration list for PBXProject "easyMusic2" */ = {
			isa = XCConfigurationList;
			buildConfigurations = (
				CC3BE78E1C3B9FE8009EDB46 /* Debug */,
				CC3BE78F1C3B9FE8009EDB46 /* Release */,
			);
			defaultConfigurationIsVisible = 0;
			defaultConfigurationName = Release;
		};
		CC3BE7901C3B9FE8009EDB46 /* Build configuration list for PBXNativeTarget "easyMusic2" */ = {
			isa = XCConfigurationList;
			buildConfigurations = (
				CC3BE7911C3B9FE8009EDB46 /* Debug */,
				CC3BE7921C3B9FE8009EDB46 /* Release */,
			);
			defaultConfigurationIsVisible = 0;
			defaultConfigurationName = Release;
		};
		CC3BE7931C3B9FE8009EDB46 /* Build configuration list for PBXNativeTarget "easyMusic2Tests" */ = {
			isa = XCConfigurationList;
			buildConfigurations = (
				CC3BE7941C3B9FE8009EDB46 /* Debug */,
				CC3BE7951C3B9FE8009EDB46 /* Release */,
			);
			defaultConfigurationIsVisible = 0;
			defaultConfigurationName = Release;
		};
		CC3BE7961C3B9FE8009EDB46 /* Build configuration list for PBXNativeTarget "easyMusic2UITests" */ = {
			isa = XCConfigurationList;
			buildConfigurations = (
				CC3BE7971C3B9FE8009EDB46 /* Debug */,
				CC3BE7981C3B9FE8009EDB46 /* Release */,
			);
			defaultConfigurationIsVisible = 0;
			defaultConfigurationName = Release;
		};
/* End XCConfigurationList section */
	};
	rootObject = CC3BE75B1C3B9FE8009EDB46 /* Project object */;
}
